
Microsoft Visual Studio Solution File, Format Version 11.00
# Visual Studio 2010
Project("{FAE04EC0-301F-11D3-BF4B-00C04F79EFBC}") = "PTUDW_TH2009_A4_GroupOn", "PTUDW_TH2009_A4_GroupOn\PTUDW_TH2009_A4_GroupOn.csproj", "{D64ED18B-914F-42E1-B422-EAB4A4473CBC}"
EndProject
Global
	GlobalSection(SolutionConfigurationPlatforms) = preSolution
		Debug|Any CPU = Debug|Any CPU
		Release|Any CPU = Release|Any CPU
	EndGlobalSection
	GlobalSection(ProjectConfigurationPlatforms) = postSolution
		{D64ED18B-914F-42E1-B422-EAB4A4473CBC}.Debug|Any CPU.ActiveCfg = Debug|Any CPU
		{D64ED18B-914F-42E1-B422-EAB4A4473CBC}.Debug|Any CPU.Build.0 = Debug|Any CPU
		{D64ED18B-914F-42E1-B422-EAB4A4473CBC}.Release|Any CPU.ActiveCfg = Release|Any CPU
		{D64ED18B-914F-42E1-B422-EAB4A4473CBC}.Release|Any CPU.Build.0 = Release|Any CPU
	EndGlobalSection
	GlobalSection(SolutionProperties) = preSolution
		HideSolutionNode = FALSE
	EndGlobalSection
EndGlobal
